
Microsoft Visual Studio Solution File, Format Version 12.00
# Visual Studio Version 16
VisualStudioVersion = 16.0.31702.278
MinimumVisualStudioVersion = 10.0.40219.1
Project("{FAE04EC0-301F-11D3-BF4B-00C04F79EFBC}") = "GenericRepository", "GenericRepository\GenericRepository.csproj", "{CD488558-A304-4829-BCE6-FBCAC8E3A8C2}"
EndProject
Project("{FAE04EC0-301F-11D3-BF4B-00C04F79EFBC}") = "Domain", "Domain\Domain.csproj", "{36F5A1D8-D306-4B43-AAFF-B113985BB8D1}"
EndProject
Project("{FAE04EC0-301F-11D3-BF4B-00C04F79EFBC}") = "Data", "Data\Data.csproj", "{2A4BDD32-95A7-437F-A76B-FA2D2E9E89C6}"
EndProject
Project("{FAE04EC0-301F-11D3-BF4B-00C04F79EFBC}") = "MRPanel", "MRPanel\MRPanel.csproj", "{BE17DBC1-0094-4FCF-AAB5-130EDF1175AB}"
EndProject
Global
	GlobalSection(SolutionConfigurationPlatforms) = preSolution
		Debug|Any CPU = Debug|Any CPU
		Release|Any CPU = Release|Any CPU
	EndGlobalSection
	GlobalSection(ProjectConfigurationPlatforms) = postSolution
		{CD488558-A304-4829-BCE6-FBCAC8E3A8C2}.Debug|Any CPU.ActiveCfg = Debug|Any CPU
		{CD488558-A304-4829-BCE6-FBCAC8E3A8C2}.Debug|Any CPU.Build.0 = Debug|Any CPU
		{CD488558-A304-4829-BCE6-FBCAC8E3A8C2}.Release|Any CPU.ActiveCfg = Release|Any CPU
		{CD488558-A304-4829-BCE6-FBCAC8E3A8C2}.Release|Any CPU.Build.0 = Release|Any CPU
		{36F5A1D8-D306-4B43-AAFF-B113985BB8D1}.Debug|Any CPU.ActiveCfg = Debug|Any CPU
		{36F5A1D8-D306-4B43-AAFF-B113985BB8D1}.Debug|Any CPU.Build.0 = Debug|Any CPU
		{36F5A1D8-D306-4B43-AAFF-B113985BB8D1}.Release|Any CPU.ActiveCfg = Release|Any CPU
		{36F5A1D8-D306-4B43-AAFF-B113985BB8D1}.Release|Any CPU.Build.0 = Release|Any CPU
		{2A4BDD32-95A7-437F-A76B-FA2D2E9E89C6}.Debug|Any CPU.ActiveCfg = Debug|Any CPU
		{2A4BDD32-95A7-437F-A76B-FA2D2E9E89C6}.Debug|Any CPU.Build.0 = Debug|Any CPU
		{2A4BDD32-95A7-437F-A76B-FA2D2E9E89C6}.Release|Any CPU.ActiveCfg = Release|Any CPU
		{2A4BDD32-95A7-437F-A76B-FA2D2E9E89C6}.Release|Any CPU.Build.0 = Release|Any CPU
		{BE17DBC1-0094-4FCF-AAB5-130EDF1175AB}.Debug|Any CPU.ActiveCfg = Debug|Any CPU
		{BE17DBC1-0094-4FCF-AAB5-130EDF1175AB}.Debug|Any CPU.Build.0 = Debug|Any CPU
		{BE17DBC1-0094-4FCF-AAB5-130EDF1175AB}.Release|Any CPU.ActiveCfg = Release|Any CPU
		{BE17DBC1-0094-4FCF-AAB5-130EDF1175AB}.Release|Any CPU.Build.0 = Release|Any CPU
	EndGlobalSection
	GlobalSection(SolutionProperties) = preSolution
		HideSolutionNode = FALSE
	EndGlobalSection
	GlobalSection(ExtensibilityGlobals) = postSolution
		SolutionGuid = {AB37F149-A2D6-4A6D-813C-6B02D977A40B}
	EndGlobalSection
EndGlobal
